// !$*UTF8*$!
{
	archiveVersion = 1;
	classes = {
	};
	objectVersion = 46;
	objects = {

/* Begin PBXBuildFile section */
		24F07EE6218E49B900FD1D88 /* main.c in Sources */ = {isa = PBXBuildFile; fileRef = 24F07EE5218E49B900FD1D88 /* main.c */; };
		24F07EED218E4AE500FD1D88 /* asm_test.s in Sources */ = {isa = PBXBuildFile; fileRef = 24F07EEC218E4AE500FD1D88 /* asm_test.s */; };
		24F07EEF218E535000FD1D88 /* other.s in Sources */ = {isa = PBXBuildFile; fileRef = 24F07EEE218E535000FD1D88 /* other.s */; };
/* End PBXBuildFile section */

/* Begin PBXCopyFilesBuildPhase section */
		24F07EE0218E49B900FD1D88 /* CopyFiles */ = {
			isa = PBXCopyFilesBuildPhase;
			buildActionMask = 2147483647;
			dstPath = /usr/share/man/man1/;
			dstSubfolderSpec = 0;
			files = (
			);
			runOnlyForDeploymentPostprocessing = 1;
		};
/* End PBXCopyFilesBuildPhase section */

/* Begin PBXFileReference section */
		24F07EE2218E49B900FD1D88 /* asm_test */ = {isa = PBXFileReference; explicitFileType = "compiled.mach-o.executable"; includeInIndex = 0; path = asm_test; sourceTree = BUILT_PRODUCTS_DIR; };
		24F07EE5218E49B900FD1D88 /* main.c */ = {isa = PBXFileReference; lastKnownFileType = sourcecode.c.c; path = main.c; sourceTree = "<group>"; };
		24F07EEC218E4AE500FD1D88 /* asm_test.s */ = {isa = PBXFileReference; explicitFileType = sourcecode.asm; fileEncoding = 4; path = asm_test.s; sourceTree = "<group>"; };
		24F07EEE218E535000FD1D88 /* other.s */ = {isa = PBXFileReference; fileEncoding = 4; lastKnownFileType = sourcecode.asm; path = other.s; sourceTree = "<group>"; };
/* End PBXFileReference section */

/* Begin PBXFrameworksBuildPhase section */
		24F07EDF218E49B900FD1D88 /* Frameworks */ = {
			isa = PBXFrameworksBuildPhase;
			buildActionMask = 2147483647;
			files = (
			);
			runOnlyForDeploymentPostprocessing = 0;
		};
/* End PBXFrameworksBuildPhase section */

/* Begin PBXGroup section */
		24F07ED9218E49B900FD1D88 = {
			isa = PBXGroup;
			children = (
				24F07EE4218E49B900FD1D88 /* asm_test */,
				24F07EE3218E49B900FD1D88 /* Products */,
			);
			sourceTree = "<group>";
		};
		24F07EE3218E49B900FD1D88 /* Products */ = {
			isa = PBXGroup;
			children = (
				24F07EE2218E49B900FD1D88 /* asm_test */,
			);
			name = Products;
			sourceTree = "<group>";
		};
		24F07EE4218E49B900FD1D88 /* asm_test */ = {
			isa = PBXGroup;
			children = (
				24F07EE5218E49B900FD1D88 /* main.c */,
				24F07EEC218E4AE500FD1D88 /* asm_test.s */,
				24F07EEE218E535000FD1D88 /* other.s */,
			);
			path = asm_test;
			sourceTree = "<group>";
		};
/* End PBXGroup section */

/* Begin PBXNativeTarget section */
		24F07EE1218E49B900FD1D88 /* asm_test */ = {
			isa = PBXNativeTarget;
			buildConfigurationList = 24F07EE9218E49B900FD1D88 /* Build configuration list for PBXNativeTarget "asm_test" */;
			buildPhases = (
				24F07EDE218E49B900FD1D88 /* Sources */,
				24F07EDF218E49B900FD1D88 /* Frameworks */,
				24F07EE0218E49B900FD1D88 /* CopyFiles */,
			);
			buildRules = (
			);
			dependencies = (
			);
			name = asm_test;
			productName = asm_test;
			productReference = 24F07EE2218E49B900FD1D88 /* asm_test */;
			productType = "com.apple.product-type.tool";
		};
/* End PBXNativeTarget section */

/* Begin PBXProject section */
		24F07EDA218E49B900FD1D88 /* Project object */ = {
			isa = PBXProject;
			attributes = {
				LastUpgradeCheck = 0830;
				ORGANIZATIONNAME = "ObjectivelyBetter, LLC";
				TargetAttributes = {
					24F07EE1218E49B900FD1D88 = {
						CreatedOnToolsVersion = 8.3.3;
						ProvisioningStyle = Automatic;
					};
				};
			};
			buildConfigurationList = 24F07EDD218E49B900FD1D88 /* Build configuration list for PBXProject "asm_test" */;
			compatibilityVersion = "Xcode 3.2";
			developmentRegion = English;
			hasScannedForEncodings = 0;
			knownRegions = (
				en,
			);
			mainGroup = 24F07ED9218E49B900FD1D88;
			productRefGroup = 24F07EE3218E49B900FD1D88 /* Products */;
			projectDirPath = "";
			projectRoot = "";
			targets = (
				24F07EE1218E49B900FD1D88 /* asm_test */,
			);
		};
/* End PBXProject section */

/* Begin PBXSourcesBuildPhase section */
		24F07EDE218E49B900FD1D88 /* Sources */ = {
			isa = PBXSourcesBuildPhase;
			buildActionMask = 2147483647;
			files = (
				24F07EEF218E535000FD1D88 /* other.s in Sources */,
				24F07EE6218E49B900FD1D88 /* main.c in Sources */,
				24F07EED218E4AE500FD1D88 /* asm_test.s in Sources */,
			);
			runOnlyForDeploymentPostprocessing = 0;
		};
/* End PBXSourcesBuildPhase section */

/* Begin XCBuildConfiguration section */
		24F07EE7218E49B900FD1D88 /* Debug */ = {
			isa = XCBuildConfiguration;
			buildSettings = {
				ALWAYS_SEARCH_USER_PATHS = NO;
				CLANG_ANALYZER_NONNULL = YES;
				CLANG_ANALYZER_NUMBER_OBJECT_CONVERSION = YES_AGGRESSIVE;
				CLANG_CXX_LANGUAGE_STANDARD = "gnu++0x";
				CLANG_CXX_LIBRARY = "libc++";
				CLANG_ENABLE_MODULES = YES;
				CLANG_ENABLE_OBJC_ARC = YES;
				CLANG_WARN_BOOL_CONVERSION = YES;
				CLANG_WARN_CONSTANT_CONVERSION = YES;
				CLANG_WARN_DIRECT_OBJC_ISA_USAGE = YES_ERROR;
				CLANG_WARN_DOCUMENTATION_COMMENTS = YES;
				CLANG_WARN_EMPTY_BODY = YES;
				CLANG_WARN_ENUM_CONVERSION = YES;
				CLANG_WARN_INFINITE_RECURSION = YES;
				CLANG_WARN_INT_CONVERSION = YES;
				CLANG_WARN_OBJC_ROOT_CLASS = YES_ERROR;
				CLANG_WARN_SUSPICIOUS_MOVE = YES;
				CLANG_WARN_UNREACHABLE_CODE = YES;
				CLANG_WARN__DUPLICATE_METHOD_MATCH = YES;
				CODE_SIGN_IDENTITY = "-";
				COPY_PHASE_STRIP = NO;
				DEBUG_INFORMATION_FORMAT = dwarf;
				ENABLE_STRICT_OBJC_MSGSEND = YES;
				ENABLE_TESTABILITY = YES;
				GCC_C_LANGUAGE_STANDARD = gnu99;
				GCC_DYNAMIC_NO_PIC = NO;
				GCC_NO_COMMON_BLOCKS = YES;
				GCC_OPTIMIZATION_LEVEL = 0;
				GCC_PREPROCESSOR_DEFINITIONS = (
					"DEBUG=1",
					"$(inherited)",
				);
				GCC_WARN_64_TO_32_BIT_CONVERSION = YES;
				GCC_WARN_ABOUT_RETURN_TYPE = YES_ERROR;
				GCC_WARN_UNDECLARED_SELECTOR = YES;
				GCC_WARN_UNINITIALIZED_AUTOS = YES_AGGRESSIVE;
				GCC_WARN_UNUSED_FUNCTION = YES;
				GCC_WARN_UNUSED_VARIABLE = YES;
				MACOSX_DEPLOYMENT_TARGET = 10.12;
				MTL_ENABLE_DEBUG_INFO = YES;
				ONLY_ACTIVE_ARCH = YES;
				SDKROOT = macosx;
			};
			name = Debug;
		};
		24F07EE8218E49B900FD1D88 /* Release */ = {
			isa = XCBuildConfiguration;
			buildSettings = {
				ALWAYS_SEARCH_USER_PATHS = NO;
				CLANG_ANALYZER_NONNULL = YES;
				CLANG_ANALYZER_NUMBER_OBJECT_CONVERSION = YES_AGGRESSIVE;
				CLANG_CXX_LANGUAGE_STANDARD = "gnu++0x";
				CLANG_CXX_LIBRARY = "libc++";
				CLANG_ENABLE_MODULES = YES;
				CLANG_ENABLE_OBJC_ARC = YES;
				CLANG_WARN_BOOL_CONVERSION = YES;
				CLANG_WARN_CONSTANT_CONVERSION = YES;
				CLANG_WARN_DIRECT_OBJC_ISA_USAGE = YES_ERROR;
				CLANG_WARN_DOCUMENTATION_COMMENTS = YES;
				CLANG_WARN_EMPTY_BODY = YES;
				CLANG_WARN_ENUM_CONVERSION = YES;
				CLANG_WARN_INFINITE_RECURSION = YES;
				CLANG_WARN_INT_CONVERSION = YES;
				CLANG_WARN_OBJC_ROOT_CLASS = YES_ERROR;
				CLANG_WARN_SUSPICIOUS_MOVE = YES;
				CLANG_WARN_UNREACHABLE_CODE = YES;
				CLANG_WARN__DUPLICATE_METHOD_MATCH = YES;
				CODE_SIGN_IDENTITY = "-";
				COPY_PHASE_STRIP = NO;
				DEBUG_INFORMATION_FORMAT = "dwarf-with-dsym";
				ENABLE_NS_ASSERTIONS = NO;
				ENABLE_STRICT_OBJC_MSGSEND = YES;
				GCC_C_LANGUAGE_STANDARD = gnu99;
				GCC_NO_COMMON_BLOCKS = YES;
				GCC_WARN_64_TO_32_BIT_CONVERSION = YES;
				GCC_WARN_ABOUT_RETURN_TYPE = YES_ERROR;
				GCC_WARN_UNDECLARED_SELECTOR = YES;
				GCC_WARN_UNINITIALIZED_AUTOS = YES_AGGRESSIVE;
				GCC_WARN_UNUSED_FUNCTION = YES;
				GCC_WARN_UNUSED_VARIABLE = YES;
				MACOSX_DEPLOYMENT_TARGET = 10.12;
				MTL_ENABLE_DEBUG_INFO = NO;
				SDKROOT = macosx;
			};
			name = Release;
		};
		24F07EEA218E49B900FD1D88 /* Debug */ = {
			isa = XCBuildConfiguration;
			buildSettings = {
				PRODUCT_NAME = "$(TARGET_NAME)";
			};
			name = Debug;
		};
		24F07EEB218E49B900FD1D88 /* Release */ = {
			isa = XCBuildConfiguration;
			buildSettings = {
				PRODUCT_NAME = "$(TARGET_NAME)";
			};
			name = Release;
		};
/* End XCBuildConfiguration section */

/* Begin XCConfigurationList section */
		24F07EDD218E49B900FD1D88 /* Build configuration list for PBXProject "asm_test" */ = {
			isa = XCConfigurationList;
			buildConfigurations = (
				24F07EE7218E49B900FD1D88 /* Debug */,
				24F07EE8218E49B900FD1D88 /* Release */,
			);
			defaultConfigurationIsVisible = 0;
			defaultConfigurationName = Release;
		};
		24F07EE9218E49B900FD1D88 /* Build configuration list for PBXNativeTarget "asm_test" */ = {
			isa = XCConfigurationList;
			buildConfigurations = (
				24F07EEA218E49B900FD1D88 /* Debug */,
				24F07EEB218E49B900FD1D88 /* Release */,
			);
			defaultConfigurationIsVisible = 0;
		};
/* End XCConfigurationList section */
	};
	rootObject = 24F07EDA218E49B900FD1D88 /* Project object */;
}
